
Microsoft Visual Studio Solution File, Format Version 12.00
# Visual Studio Version 17
VisualStudioVersion = 17.14.36119.2 d17.14
MinimumVisualStudioVersion = 10.0.40219.1
Project("{FAE04EC0-301F-11D3-BF4B-00C04F79EFBC}") = "BakerScaleConnect", "BakerScaleConnect.csproj", "{A915F34B-59EE-4AFE-8981-75659D373AF2}"
EndProject
Global
	GlobalSection(SolutionConfigurationPlatforms) = preSolution
		Debug|Any CPU = Debug|Any CPU
		Release|Any CPU = Release|Any CPU
	EndGlobalSection
	GlobalSection(ProjectConfigurationPlatforms) = postSolution
		{A915F34B-59EE-4AFE-8981-75659D373AF2}.Debug|Any CPU.ActiveCfg = Debug|Any CPU
		{A915F34B-59EE-4AFE-8981-75659D373AF2}.Debug|Any CPU.Build.0 = Debug|Any CPU
		{A915F34B-59EE-4AFE-8981-75659D373AF2}.Release|Any CPU.ActiveCfg = Release|Any CPU
		{A915F34B-59EE-4AFE-8981-75659D373AF2}.Release|Any CPU.Build.0 = Release|Any CPU
	EndGlobalSection
	GlobalSection(SolutionProperties) = preSolution
		HideSolutionNode = FALSE
	EndGlobalSection
	GlobalSection(ExtensibilityGlobals) = postSolution
		SolutionGuid = {7CD83B83-F44D-408C-ACC6-BD005DF6AF6E}
	EndGlobalSection
EndGlobal
